
Microsoft Visual Studio Solution File, Format Version 12.00
# Visual Studio Version 17
VisualStudioVersion = 17.4.33205.214
MinimumVisualStudioVersion = 10.0.40219.1
Project("{FAE04EC0-301F-11D3-BF4B-00C04F79EFBC}") = "ListOfPersons", "ListOfPersons\ListOfPersons.csproj", "{4C6150E7-BD17-499D-899E-6CC7BDE97A6B}"
EndProject
Global
	GlobalSection(SolutionConfigurationPlatforms) = preSolution
		Debug|Any CPU = Debug|Any CPU
		Release|Any CPU = Release|Any CPU
	EndGlobalSection
	GlobalSection(ProjectConfigurationPlatforms) = postSolution
		{4C6150E7-BD17-499D-899E-6CC7BDE97A6B}.Debug|Any CPU.ActiveCfg = Debug|Any CPU
		{4C6150E7-BD17-499D-899E-6CC7BDE97A6B}.Debug|Any CPU.Build.0 = Debug|Any CPU
		{4C6150E7-BD17-499D-899E-6CC7BDE97A6B}.Release|Any CPU.ActiveCfg = Release|Any CPU
		{4C6150E7-BD17-499D-899E-6CC7BDE97A6B}.Release|Any CPU.Build.0 = Release|Any CPU
	EndGlobalSection
	GlobalSection(SolutionProperties) = preSolution
		HideSolutionNode = FALSE
	EndGlobalSection
	GlobalSection(ExtensibilityGlobals) = postSolution
		SolutionGuid = {461DFCA5-EB19-4ED1-95F9-A70EB544AD7E}
	EndGlobalSection
EndGlobal
